<?xml version="1.0" encoding="utf-8"?>
<Project ToolsVersion="4.0" xmlns="http://schemas.microsoft.com/developer/msbuild/2003">
  <ItemGroup>
    <Filter Include="Resource Files">
      <UniqueIdentifier>{D9D6E242-F8AF-46E4-B9FD-80ECBC20BA3E}</UniqueIdentifier>
      <Extensions>qrc;*</Extensions>
      <ParseFiles>false</ParseFiles>
    </Filter>
    <Filter Include="Form Files">
      <UniqueIdentifier>{99349809-55BA-4b9d-BF79-8FDBB0286EB3}</UniqueIdentifier>
      <Extensions>ui</Extensions>
    </Filter>
    <Filter Include="Resource Files">
      <UniqueIdentifier>{D9D6E242-F8AF-46E4-B9FD-80ECBC20BA3E}</UniqueIdentifier>
      <Extensions>qrc;*</Extensions>
      <ParseFiles>false</ParseFiles>
    </Filter>
    <Filter Include="Generated Files">
      <UniqueIdentifier>{71ED8ED8-ACB9-4CE9-BBE1-E00B30144E11}</UniqueIdentifier>
      <Extensions>moc;h;cpp</Extensions>
      <SourceControlFiles>False</SourceControlFiles>
    </Filter>
    <Filter Include="Camera">
      <UniqueIdentifier>{62e43d53-8946-406e-98ae-0a15ae815e78}</UniqueIdentifier>
    </Filter>
    <Filter Include="System">
      <UniqueIdentifier>{96d2cfd6-b6b9-48a1-a38c-d8aa63e041c7}</UniqueIdentifier>
    </Filter>
    <Filter Include="Targets">
      <UniqueIdentifier>{3cea7ba0-d351-48eb-bbe8-0df2642b59f8}</UniqueIdentifier>
    </Filter>
    <Filter Include="Shader">
      <UniqueIdentifier>{56cb286d-e0f0-40fd-8fa9-db7433159812}</UniqueIdentifier>
    </Filter>
    <Filter Include="Plugin">
      <UniqueIdentifier>{115eb847-f1e3-46f6-81ae-6e17befbad9d}</UniqueIdentifier>
    </Filter>
  </ItemGroup>
  <ItemGroup>
    <ClCompile Include="Camera\Camera.cpp">
      <Filter>Camera</Filter>
    </ClCompile>
    <ClCompile Include="Camera\Cameras.cpp">
      <Filter>Camera</Filter>
    </ClCompile>
    <ClCompile Include="System\main.cpp">
      <Filter>System</Filter>
    </ClCompile>
    <ClCompile Include="System\mainScene.cpp">
      <Filter>System</Filter>
    </ClCompile>
    <ClCompile Include="System\OpenGLTesting.cpp">
      <Filter>System</Filter>
    </ClCompile>
    <ClCompile Include="Targets\Quad.cpp">
      <Filter>Targets</Filter>
    </ClCompile>
    <ClCompile Include="Shader\ShaderObject.cpp">
      <Filter>Shader</Filter>
    </ClCompile>
    <ClCompile Include="Plugin\Logger.cpp">
      <Filter>Plugin</Filter>
    </ClCompile>
    <ClCompile Include="Shader\ObjectRenderModule.cpp">
      <Filter>Shader</Filter>
    </ClCompile>
  </ItemGroup>
  <ItemGroup>
    <ClInclude Include="Camera\Camera.h">
      <Filter>Camera</Filter>
    </ClInclude>
    <ClInclude Include="Camera\Cameras.h">
      <Filter>Camera</Filter>
    </ClInclude>
    <ClInclude Include="System\mainScene.h">
      <Filter>System</Filter>
    </ClInclude>
    <ClInclude Include="System\System.h">
      <Filter>System</Filter>
    </ClInclude>
    <ClInclude Include="Targets\Quad.h">
      <Filter>Targets</Filter>
    </ClInclude>
    <ClInclude Include="Shader\ShaderObject.h">
      <Filter>Shader</Filter>
    </ClInclude>
    <ClInclude Include="Plugin\Logger.hpp">
      <Filter>Plugin</Filter>
    </ClInclude>
    <ClInclude Include="Shader\ObjectRenderModule.h">
      <Filter>Shader</Filter>
    </ClInclude>
  </ItemGroup>
  <ItemGroup>
    <None Include="packages.config" />
    <None Include="..\assets\shaders\quad.frag">
      <Filter>Resource Files</Filter>
    </None>
    <None Include="..\assets\shaders\quad.vert">
      <Filter>Resource Files</Filter>
    </None>
  </ItemGroup>
  <ItemGroup>
    <QtUic Include="FormFiles\OpenGLTesting.ui">
      <Filter>Form Files</Filter>
    </QtUic>
  </ItemGroup>
  <ItemGroup>
    <QtRcc Include="ResourceFiles\OpenGLTesting.qrc">
      <Filter>Resource Files</Filter>
    </QtRcc>
  </ItemGroup>
  <ItemGroup>
    <QtMoc Include="System\OpenGLTesting.h">
      <Filter>System</Filter>
    </QtMoc>
  </ItemGroup>
</Project>